<?xml version="1.0" encoding="utf-8"?>
<Project ToolsVersion="4.0" xmlns="http://schemas.microsoft.com/developer/msbuild/2003">
  <ItemGroup>
    <Filter Include="源文件">
      <UniqueIdentifier>{4FC737F1-C7A5-4376-A066-2A32D752A2FF}</UniqueIdentifier>
      <Extensions>cpp;c;cc;cxx;def;odl;idl;hpj;bat;asm;asmx</Extensions>
    </Filter>
    <Filter Include="头文件">
      <UniqueIdentifier>{93995380-89BD-4b04-88EB-625FBE52EBFB}</UniqueIdentifier>
      <Extensions>h;hh;hpp;hxx;hm;inl;inc;ipp;xsd</Extensions>
    </Filter>
    <Filter Include="资源文件">
      <UniqueIdentifier>{67DA6AB6-F800-4c08-8B7A-83BB121AAD01}</UniqueIdentifier>
      <Extensions>rc;ico;cur;bmp;dlg;rc2;rct;bin;rgs;gif;jpg;jpeg;jpe;resx;tiff;tif;png;wav;mfcribbon-ms</Extensions>
    </Filter>
  </ItemGroup>
  <ItemGroup>
    <ClCompile Include="三角形.cpp">
      <Filter>源文件</Filter>
    </ClCompile>
    <ClCompile Include="字符串的编辑距离.cpp">
      <Filter>源文件</Filter>
    </ClCompile>
    <ClCompile Include="..\..\nowcoder_leedcode\10_13\两个字符串的最短编辑距离cpp.cpp">
      <Filter>源文件</Filter>
    </ClCompile>
    <ClCompile Include="两个字符串的连续公共子序列.cpp">
      <Filter>源文件</Filter>
    </ClCompile>
    <ClCompile Include="字符串通配.cpp">
      <Filter>源文件</Filter>
    </ClCompile>
    <ClCompile Include="数组调整.cpp">
      <Filter>源文件</Filter>
    </ClCompile>
    <ClCompile Include="猴子分桃.cpp">
      <Filter>源文件</Filter>
    </ClCompile>
    <ClCompile Include="找假币.cpp">
      <Filter>源文件</Filter>
    </ClCompile>
    <ClCompile Include="正数数组的最小不可组成和.cpp">
      <Filter>源文件</Filter>
    </ClCompile>
    <ClCompile Include="源.cpp">
      <Filter>源文件</Filter>
    </ClCompile>
    <ClCompile Include="word_break.cpp">
      <Filter>源文件</Filter>
    </ClCompile>
    <ClCompile Include="在三角形里走过的最短路径.cpp">
      <Filter>源文件</Filter>
    </ClCompile>
    <ClCompile Include="机器人走格子.cpp">
      <Filter>源文件</Filter>
    </ClCompile>
    <ClCompile Include="给机器人打了桩.cpp">
      <Filter>源文件</Filter>
    </ClCompile>
    <ClCompile Include="最小路径和.cpp">
      <Filter>源文件</Filter>
    </ClCompile>
    <ClCompile Include="distinct_subsequences.cpp">
      <Filter>源文件</Filter>
    </ClCompile>
    <ClCompile Include="最短编辑距离.cpp">
      <Filter>源文件</Filter>
    </ClCompile>
    <ClCompile Include="for循环里面递归.cpp">
      <Filter>源文件</Filter>
    </ClCompile>
    <ClCompile Include="最少的硬币.cpp">
      <Filter>源文件</Filter>
    </ClCompile>
    <ClCompile Include="最长递增子序列的个数.cpp">
      <Filter>源文件</Filter>
    </ClCompile>
  </ItemGroup>
</Project>